
Microsoft Visual Studio Solution File, Format Version 11.00
# Visual Studio 2010
Project("{FAE04EC0-301F-11D3-BF4B-00C04F79EFBC}") = "rssReader", "rssReader.csproj", "{954738FA-C6F6-4759-B812-4D32E80DB404}"
EndProject
Global
	GlobalSection(SolutionConfigurationPlatforms) = preSolution
		Debug|x86 = Debug|x86
		Release|x86 = Release|x86
	EndGlobalSection
	GlobalSection(ProjectConfigurationPlatforms) = postSolution
		{954738FA-C6F6-4759-B812-4D32E80DB404}.Debug|x86.ActiveCfg = Debug|x86
		{954738FA-C6F6-4759-B812-4D32E80DB404}.Debug|x86.Build.0 = Debug|x86
		{954738FA-C6F6-4759-B812-4D32E80DB404}.Release|x86.ActiveCfg = Release|x86
		{954738FA-C6F6-4759-B812-4D32E80DB404}.Release|x86.Build.0 = Release|x86
	EndGlobalSection
	GlobalSection(MonoDevelopProperties) = preSolution
		StartupItem = rssReader.csproj
	EndGlobalSection
EndGlobal
