
Microsoft Visual Studio Solution File, Format Version 11.00
# Visual Studio 2010
Project("{FAE04EC0-301F-11D3-BF4B-00C04F79EFBC}") = "htmlparser", "htmlparser\htmlparser.csproj", "{AE8003E3-7D10-4909-A000-310AAC43A4C5}"
EndProject
Global
	GlobalSection(SolutionConfigurationPlatforms) = preSolution
		Debug|x86 = Debug|x86
		Release|x86 = Release|x86
	EndGlobalSection
	GlobalSection(ProjectConfigurationPlatforms) = postSolution
		{AE8003E3-7D10-4909-A000-310AAC43A4C5}.Debug|x86.ActiveCfg = Debug|x86
		{AE8003E3-7D10-4909-A000-310AAC43A4C5}.Debug|x86.Build.0 = Debug|x86
		{AE8003E3-7D10-4909-A000-310AAC43A4C5}.Release|x86.ActiveCfg = Release|x86
		{AE8003E3-7D10-4909-A000-310AAC43A4C5}.Release|x86.Build.0 = Release|x86
	EndGlobalSection
	GlobalSection(MonoDevelopProperties) = preSolution
		StartupItem = htmlparser\htmlparser.csproj
	EndGlobalSection
EndGlobal
